// !$*UTF8*$!
{
	archiveVersion = 1;
	classes = {
	};
	objectVersion = 46;
	objects = {

/* Begin PBXBuildFile section */
		4A34EAA01A91CE6E00359702 /* main.m in Sources */ = {isa = PBXBuildFile; fileRef = 4A34EA9F1A91CE6E00359702 /* main.m */; };
		4A34EAA31A91CE6E00359702 /* AppDelegate.m in Sources */ = {isa = PBXBuildFile; fileRef = 4A34EAA21A91CE6E00359702 /* AppDelegate.m */; };
		4A34EAA61A91CE6E00359702 /* ViewController.m in Sources */ = {isa = PBXBuildFile; fileRef = 4A34EAA51A91CE6E00359702 /* ViewController.m */; };
		4A34EAA91A91CE6E00359702 /* Main.storyboard in Resources */ = {isa = PBXBuildFile; fileRef = 4A34EAA71A91CE6E00359702 /* Main.storyboard */; };
		4A34EAAB1A91CE6E00359702 /* Images.xcassets in Resources */ = {isa = PBXBuildFile; fileRef = 4A34EAAA1A91CE6E00359702 /* Images.xcassets */; };
		4A34EAAE1A91CE6E00359702 /* LaunchScreen.xib in Resources */ = {isa = PBXBuildFile; fileRef = 4A34EAAC1A91CE6E00359702 /* LaunchScreen.xib */; };
		4A34EABA1A91CE6E00359702 /* Camera_2Tests.m in Sources */ = {isa = PBXBuildFile; fileRef = 4A34EAB91A91CE6E00359702 /* Camera_2Tests.m */; };
/* End PBXBuildFile section */

/* Begin PBXContainerItemProxy section */
		4A34EAB41A91CE6E00359702 /* PBXContainerItemProxy */ = {
			isa = PBXContainerItemProxy;
			containerPortal = 4A34EA921A91CE6E00359702 /* Project object */;
			proxyType = 1;
			remoteGlobalIDString = 4A34EA991A91CE6E00359702;
			remoteInfo = Camera_2;
		};
/* End PBXContainerItemProxy section */

/* Begin PBXFileReference section */
		4A34EA9A1A91CE6E00359702 /* Camera_2.app */ = {isa = PBXFileReference; explicitFileType = wrapper.application; includeInIndex = 0; path = Camera_2.app; sourceTree = BUILT_PRODUCTS_DIR; };
		4A34EA9E1A91CE6E00359702 /* Info.plist */ = {isa = PBXFileReference; lastKnownFileType = text.plist.xml; path = Info.plist; sourceTree = "<group>"; };
		4A34EA9F1A91CE6E00359702 /* main.m */ = {isa = PBXFileReference; lastKnownFileType = sourcecode.c.objc; path = main.m; sourceTree = "<group>"; };
		4A34EAA11A91CE6E00359702 /* AppDelegate.h */ = {isa = PBXFileReference; lastKnownFileType = sourcecode.c.h; path = AppDelegate.h; sourceTree = "<group>"; };
		4A34EAA21A91CE6E00359702 /* AppDelegate.m */ = {isa = PBXFileReference; lastKnownFileType = sourcecode.c.objc; path = AppDelegate.m; sourceTree = "<group>"; };
		4A34EAA41A91CE6E00359702 /* ViewController.h */ = {isa = PBXFileReference; lastKnownFileType = sourcecode.c.h; path = ViewController.h; sourceTree = "<group>"; };
		4A34EAA51A91CE6E00359702 /* ViewController.m */ = {isa = PBXFileReference; lastKnownFileType = sourcecode.c.objc; path = ViewController.m; sourceTree = "<group>"; };
		4A34EAA81A91CE6E00359702 /* Base */ = {isa = PBXFileReference; lastKnownFileType = file.storyboard; name = Base; path = Base.lproj/Main.storyboard; sourceTree = "<group>"; };
		4A34EAAA1A91CE6E00359702 /* Images.xcassets */ = {isa = PBXFileReference; lastKnownFileType = folder.assetcatalog; path = Images.xcassets; sourceTree = "<group>"; };
		4A34EAAD1A91CE6E00359702 /* Base */ = {isa = PBXFileReference; lastKnownFileType = file.xib; name = Base; path = Base.lproj/LaunchScreen.xib; sourceTree = "<group>"; };
		4A34EAB31A91CE6E00359702 /* Camera_2Tests.xctest */ = {isa = PBXFileReference; explicitFileType = wrapper.cfbundle; includeInIndex = 0; path = Camera_2Tests.xctest; sourceTree = BUILT_PRODUCTS_DIR; };
		4A34EAB81A91CE6E00359702 /* Info.plist */ = {isa = PBXFileReference; lastKnownFileType = text.plist.xml; path = Info.plist; sourceTree = "<group>"; };
		4A34EAB91A91CE6E00359702 /* Camera_2Tests.m */ = {isa = PBXFileReference; lastKnownFileType = sourcecode.c.objc; path = Camera_2Tests.m; sourceTree = "<group>"; };
/* End PBXFileReference section */

/* Begin PBXFrameworksBuildPhase section */
		4A34EA971A91CE6E00359702 /* Frameworks */ = {
			isa = PBXFrameworksBuildPhase;
			buildActionMask = 2147483647;
			files = (
			);
			runOnlyForDeploymentPostprocessing = 0;
		};
		4A34EAB01A91CE6E00359702 /* Frameworks */ = {
			isa = PBXFrameworksBuildPhase;
			buildActionMask = 2147483647;
			files = (
			);
			runOnlyForDeploymentPostprocessing = 0;
		};
/* End PBXFrameworksBuildPhase section */

/* Begin PBXGroup section */
		4A34EA911A91CE6E00359702 = {
			isa = PBXGroup;
			children = (
				4A34EA9C1A91CE6E00359702 /* Camera_2 */,
				4A34EAB61A91CE6E00359702 /* Camera_2Tests */,
				4A34EA9B1A91CE6E00359702 /* Products */,
			);
			sourceTree = "<group>";
		};
		4A34EA9B1A91CE6E00359702 /* Products */ = {
			isa = PBXGroup;
			children = (
				4A34EA9A1A91CE6E00359702 /* Camera_2.app */,
				4A34EAB31A91CE6E00359702 /* Camera_2Tests.xctest */,
			);
			name = Products;
			sourceTree = "<group>";
		};
		4A34EA9C1A91CE6E00359702 /* Camera_2 */ = {
			isa = PBXGroup;
			children = (
				4A34EAA11A91CE6E00359702 /* AppDelegate.h */,
				4A34EAA21A91CE6E00359702 /* AppDelegate.m */,
				4A34EAA41A91CE6E00359702 /* ViewController.h */,
				4A34EAA51A91CE6E00359702 /* ViewController.m */,
				4A34EAA71A91CE6E00359702 /* Main.storyboard */,
				4A34EAAA1A91CE6E00359702 /* Images.xcassets */,
				4A34EAAC1A91CE6E00359702 /* LaunchScreen.xib */,
				4A34EA9D1A91CE6E00359702 /* Supporting Files */,
			);
			path = Camera_2;
			sourceTree = "<group>";
		};
		4A34EA9D1A91CE6E00359702 /* Supporting Files */ = {
			isa = PBXGroup;
			children = (
				4A34EA9E1A91CE6E00359702 /* Info.plist */,
				4A34EA9F1A91CE6E00359702 /* main.m */,
			);
			name = "Supporting Files";
			sourceTree = "<group>";
		};
		4A34EAB61A91CE6E00359702 /* Camera_2Tests */ = {
			isa = PBXGroup;
			children = (
				4A34EAB91A91CE6E00359702 /* Camera_2Tests.m */,
				4A34EAB71A91CE6E00359702 /* Supporting Files */,
			);
			path = Camera_2Tests;
			sourceTree = "<group>";
		};
		4A34EAB71A91CE6E00359702 /* Supporting Files */ = {
			isa = PBXGroup;
			children = (
				4A34EAB81A91CE6E00359702 /* Info.plist */,
			);
			name = "Supporting Files";
			sourceTree = "<group>";
		};
/* End PBXGroup section */

/* Begin PBXNativeTarget section */
		4A34EA991A91CE6E00359702 /* Camera_2 */ = {
			isa = PBXNativeTarget;
			buildConfigurationList = 4A34EABD1A91CE6E00359702 /* Build configuration list for PBXNativeTarget "Camera_2" */;
			buildPhases = (
				4A34EA961A91CE6E00359702 /* Sources */,
				4A34EA971A91CE6E00359702 /* Frameworks */,
				4A34EA981A91CE6E00359702 /* Resources */,
			);
			buildRules = (
			);
			dependencies = (
			);
			name = Camera_2;
			productName = Camera_2;
			productReference = 4A34EA9A1A91CE6E00359702 /* Camera_2.app */;
			productType = "com.apple.product-type.application";
		};
		4A34EAB21A91CE6E00359702 /* Camera_2Tests */ = {
			isa = PBXNativeTarget;
			buildConfigurationList = 4A34EAC01A91CE6E00359702 /* Build configuration list for PBXNativeTarget "Camera_2Tests" */;
			buildPhases = (
				4A34EAAF1A91CE6E00359702 /* Sources */,
				4A34EAB01A91CE6E00359702 /* Frameworks */,
				4A34EAB11A91CE6E00359702 /* Resources */,
			);
			buildRules = (
			);
			dependencies = (
				4A34EAB51A91CE6E00359702 /* PBXTargetDependency */,
			);
			name = Camera_2Tests;
			productName = Camera_2Tests;
			productReference = 4A34EAB31A91CE6E00359702 /* Camera_2Tests.xctest */;
			productType = "com.apple.product-type.bundle.unit-test";
		};
/* End PBXNativeTarget section */

/* Begin PBXProject section */
		4A34EA921A91CE6E00359702 /* Project object */ = {
			isa = PBXProject;
			attributes = {
				LastUpgradeCheck = 0610;
				ORGANIZATIONNAME = "OZ Apps";
				TargetAttributes = {
					4A34EA991A91CE6E00359702 = {
						CreatedOnToolsVersion = 6.1.1;
					};
					4A34EAB21A91CE6E00359702 = {
						CreatedOnToolsVersion = 6.1.1;
						TestTargetID = 4A34EA991A91CE6E00359702;
					};
				};
			};
			buildConfigurationList = 4A34EA951A91CE6E00359702 /* Build configuration list for PBXProject "Camera_2" */;
			compatibilityVersion = "Xcode 3.2";
			developmentRegion = English;
			hasScannedForEncodings = 0;
			knownRegions = (
				en,
				Base,
			);
			mainGroup = 4A34EA911A91CE6E00359702;
			productRefGroup = 4A34EA9B1A91CE6E00359702 /* Products */;
			projectDirPath = "";
			projectRoot = "";
			targets = (
				4A34EA991A91CE6E00359702 /* Camera_2 */,
				4A34EAB21A91CE6E00359702 /* Camera_2Tests */,
			);
		};
/* End PBXProject section */

/* Begin PBXResourcesBuildPhase section */
		4A34EA981A91CE6E00359702 /* Resources */ = {
			isa = PBXResourcesBuildPhase;
			buildActionMask = 2147483647;
			files = (
				4A34EAA91A91CE6E00359702 /* Main.storyboard in Resources */,
				4A34EAAE1A91CE6E00359702 /* LaunchScreen.xib in Resources */,
				4A34EAAB1A91CE6E00359702 /* Images.xcassets in Resources */,
			);
			runOnlyForDeploymentPostprocessing = 0;
		};
		4A34EAB11A91CE6E00359702 /* Resources */ = {
			isa = PBXResourcesBuildPhase;
			buildActionMask = 2147483647;
			files = (
			);
			runOnlyForDeploymentPostprocessing = 0;
		};
/* End PBXResourcesBuildPhase section */

/* Begin PBXSourcesBuildPhase section */
		4A34EA961A91CE6E00359702 /* Sources */ = {
			isa = PBXSourcesBuildPhase;
			buildActionMask = 2147483647;
			files = (
				4A34EAA61A91CE6E00359702 /* ViewController.m in Sources */,
				4A34EAA31A91CE6E00359702 /* AppDelegate.m in Sources */,
				4A34EAA01A91CE6E00359702 /* main.m in Sources */,
			);
			runOnlyForDeploymentPostprocessing = 0;
		};
		4A34EAAF1A91CE6E00359702 /* Sources */ = {
			isa = PBXSourcesBuildPhase;
			buildActionMask = 2147483647;
			files = (
				4A34EABA1A91CE6E00359702 /* Camera_2Tests.m in Sources */,
			);
			runOnlyForDeploymentPostprocessing = 0;
		};
/* End PBXSourcesBuildPhase section */

/* Begin PBXTargetDependency section */
		4A34EAB51A91CE6E00359702 /* PBXTargetDependency */ = {
			isa = PBXTargetDependency;
			target = 4A34EA991A91CE6E00359702 /* Camera_2 */;
			targetProxy = 4A34EAB41A91CE6E00359702 /* PBXContainerItemProxy */;
		};
/* End PBXTargetDependency section */

/* Begin PBXVariantGroup section */
		4A34EAA71A91CE6E00359702 /* Main.storyboard */ = {
			isa = PBXVariantGroup;
			children = (
				4A34EAA81A91CE6E00359702 /* Base */,
			);
			name = Main.storyboard;
			sourceTree = "<group>";
		};
		4A34EAAC1A91CE6E00359702 /* LaunchScreen.xib */ = {
			isa = PBXVariantGroup;
			children = (
				4A34EAAD1A91CE6E00359702 /* Base */,
			);
			name = LaunchScreen.xib;
			sourceTree = "<group>";
		};
/* End PBXVariantGroup section */

/* Begin XCBuildConfiguration section */
		4A34EABB1A91CE6E00359702 /* Debug */ = {
			isa = XCBuildConfiguration;
			buildSettings = {
				ALWAYS_SEARCH_USER_PATHS = NO;
				CLANG_CXX_LANGUAGE_STANDARD = "gnu++0x";
				CLANG_CXX_LIBRARY = "libc++";
				CLANG_ENABLE_MODULES = YES;
				CLANG_ENABLE_OBJC_ARC = YES;
				CLANG_WARN_BOOL_CONVERSION = YES;
				CLANG_WARN_CONSTANT_CONVERSION = YES;
				CLANG_WARN_DIRECT_OBJC_ISA_USAGE = YES_ERROR;
				CLANG_WARN_EMPTY_BODY = YES;
				CLANG_WARN_ENUM_CONVERSION = YES;
				CLANG_WARN_INT_CONVERSION = YES;
				CLANG_WARN_OBJC_ROOT_CLASS = YES_ERROR;
				CLANG_WARN_UNREACHABLE_CODE = YES;
				CLANG_WARN__DUPLICATE_METHOD_MATCH = YES;
				"CODE_SIGN_IDENTITY[sdk=iphoneos*]" = "iPhone Developer";
				COPY_PHASE_STRIP = NO;
				ENABLE_STRICT_OBJC_MSGSEND = YES;
				GCC_C_LANGUAGE_STANDARD = gnu99;
				GCC_DYNAMIC_NO_PIC = NO;
				GCC_OPTIMIZATION_LEVEL = 0;
				GCC_PREPROCESSOR_DEFINITIONS = (
					"DEBUG=1",
					"$(inherited)",
				);
				GCC_SYMBOLS_PRIVATE_EXTERN = NO;
				GCC_WARN_64_TO_32_BIT_CONVERSION = YES;
				GCC_WARN_ABOUT_RETURN_TYPE = YES_ERROR;
				GCC_WARN_UNDECLARED_SELECTOR = YES;
				GCC_WARN_UNINITIALIZED_AUTOS = YES_AGGRESSIVE;
				GCC_WARN_UNUSED_FUNCTION = YES;
				GCC_WARN_UNUSED_VARIABLE = YES;
				IPHONEOS_DEPLOYMENT_TARGET = 8.1;
				MTL_ENABLE_DEBUG_INFO = YES;
				ONLY_ACTIVE_ARCH = YES;
				SDKROOT = iphoneos;
			};
			name = Debug;
		};
		4A34EABC1A91CE6E00359702 /* Release */ = {
			isa = XCBuildConfiguration;
			buildSettings = {
				ALWAYS_SEARCH_USER_PATHS = NO;
				CLANG_CXX_LANGUAGE_STANDARD = "gnu++0x";
				CLANG_CXX_LIBRARY = "libc++";
				CLANG_ENABLE_MODULES = YES;
				CLANG_ENABLE_OBJC_ARC = YES;
				CLANG_WARN_BOOL_CONVERSION = YES;
				CLANG_WARN_CONSTANT_CONVERSION = YES;
				CLANG_WARN_DIRECT_OBJC_ISA_USAGE = YES_ERROR;
				CLANG_WARN_EMPTY_BODY = YES;
				CLANG_WARN_ENUM_CONVERSION = YES;
				CLANG_WARN_INT_CONVERSION = YES;
				CLANG_WARN_OBJC_ROOT_CLASS = YES_ERROR;
				CLANG_WARN_UNREACHABLE_CODE = YES;
				CLANG_WARN__DUPLICATE_METHOD_MATCH = YES;
				"CODE_SIGN_IDENTITY[sdk=iphoneos*]" = "iPhone Developer";
				COPY_PHASE_STRIP = YES;
				ENABLE_NS_ASSERTIONS = NO;
				ENABLE_STRICT_OBJC_MSGSEND = YES;
				GCC_C_LANGUAGE_STANDARD = gnu99;
				GCC_WARN_64_TO_32_BIT_CONVERSION = YES;
				GCC_WARN_ABOUT_RETURN_TYPE = YES_ERROR;
				GCC_WARN_UNDECLARED_SELECTOR = YES;
				GCC_WARN_UNINITIALIZED_AUTOS = YES_AGGRESSIVE;
				GCC_WARN_UNUSED_FUNCTION = YES;
				GCC_WARN_UNUSED_VARIABLE = YES;
				IPHONEOS_DEPLOYMENT_TARGET = 8.1;
				MTL_ENABLE_DEBUG_INFO = NO;
				SDKROOT = iphoneos;
				VALIDATE_PRODUCT = YES;
			};
			name = Release;
		};
		4A34EABE1A91CE6E00359702 /* Debug */ = {
			isa = XCBuildConfiguration;
			buildSettings = {
				ASSETCATALOG_COMPILER_APPICON_NAME = AppIcon;
				INFOPLIST_FILE = Camera_2/Info.plist;
				LD_RUNPATH_SEARCH_PATHS = "$(inherited) @executable_path/Frameworks";
				PRODUCT_NAME = "$(TARGET_NAME)";
			};
			name = Debug;
		};
		4A34EABF1A91CE6E00359702 /* Release */ = {
			isa = XCBuildConfiguration;
			buildSettings = {
				ASSETCATALOG_COMPILER_APPICON_NAME = AppIcon;
				INFOPLIST_FILE = Camera_2/Info.plist;
				LD_RUNPATH_SEARCH_PATHS = "$(inherited) @executable_path/Frameworks";
				PRODUCT_NAME = "$(TARGET_NAME)";
			};
			name = Release;
		};
		4A34EAC11A91CE6E00359702 /* Debug */ = {
			isa = XCBuildConfiguration;
			buildSettings = {
				BUNDLE_LOADER = "$(TEST_HOST)";
				FRAMEWORK_SEARCH_PATHS = (
					"$(SDKROOT)/Developer/Library/Frameworks",
					"$(inherited)",
				);
				GCC_PREPROCESSOR_DEFINITIONS = (
					"DEBUG=1",
					"$(inherited)",
				);
				INFOPLIST_FILE = Camera_2Tests/Info.plist;
				LD_RUNPATH_SEARCH_PATHS = "$(inherited) @executable_path/Frameworks @loader_path/Frameworks";
				PRODUCT_NAME = "$(TARGET_NAME)";
				TEST_HOST = "$(BUILT_PRODUCTS_DIR)/Camera_2.app/Camera_2";
			};
			name = Debug;
		};
		4A34EAC21A91CE6E00359702 /* Release */ = {
			isa = XCBuildConfiguration;
			buildSettings = {
				BUNDLE_LOADER = "$(TEST_HOST)";
				FRAMEWORK_SEARCH_PATHS = (
					"$(SDKROOT)/Developer/Library/Frameworks",
					"$(inherited)",
				);
				INFOPLIST_FILE = Camera_2Tests/Info.plist;
				LD_RUNPATH_SEARCH_PATHS = "$(inherited) @executable_path/Frameworks @loader_path/Frameworks";
				PRODUCT_NAME = "$(TARGET_NAME)";
				TEST_HOST = "$(BUILT_PRODUCTS_DIR)/Camera_2.app/Camera_2";
			};
			name = Release;
		};
/* End XCBuildConfiguration section */

/* Begin XCConfigurationList section */
		4A34EA951A91CE6E00359702 /* Build configuration list for PBXProject "Camera_2" */ = {
			isa = XCConfigurationList;
			buildConfigurations = (
				4A34EABB1A91CE6E00359702 /* Debug */,
				4A34EABC1A91CE6E00359702 /* Release */,
			);
			defaultConfigurationIsVisible = 0;
			defaultConfigurationName = Release;
		};
		4A34EABD1A91CE6E00359702 /* Build configuration list for PBXNativeTarget "Camera_2" */ = {
			isa = XCConfigurationList;
			buildConfigurations = (
				4A34EABE1A91CE6E00359702 /* Debug */,
				4A34EABF1A91CE6E00359702 /* Release */,
			);
			defaultConfigurationIsVisible = 0;
		};
		4A34EAC01A91CE6E00359702 /* Build configuration list for PBXNativeTarget "Camera_2Tests" */ = {
			isa = XCConfigurationList;
			buildConfigurations = (
				4A34EAC11A91CE6E00359702 /* Debug */,
				4A34EAC21A91CE6E00359702 /* Release */,
			);
			defaultConfigurationIsVisible = 0;
		};
/* End XCConfigurationList section */
	};
	rootObject = 4A34EA921A91CE6E00359702 /* Project object */;
}
