// !$*UTF8*$!
{
	archiveVersion = 1;
	classes = {
	};
	objectVersion = 46;
	objects = {

/* Begin PBXBuildFile section */
		4A0F1C081AD772DC0047E5BB /* main.m in Sources */ = {isa = PBXBuildFile; fileRef = 4A0F1C071AD772DC0047E5BB /* main.m */; };
		4A0F1C0B1AD772DC0047E5BB /* AppDelegate.m in Sources */ = {isa = PBXBuildFile; fileRef = 4A0F1C0A1AD772DC0047E5BB /* AppDelegate.m */; };
		4A0F1C0E1AD772DC0047E5BB /* ViewController.m in Sources */ = {isa = PBXBuildFile; fileRef = 4A0F1C0D1AD772DC0047E5BB /* ViewController.m */; };
		4A0F1C111AD772DC0047E5BB /* Main.storyboard in Resources */ = {isa = PBXBuildFile; fileRef = 4A0F1C0F1AD772DC0047E5BB /* Main.storyboard */; };
		4A0F1C131AD772DC0047E5BB /* Images.xcassets in Resources */ = {isa = PBXBuildFile; fileRef = 4A0F1C121AD772DC0047E5BB /* Images.xcassets */; };
		4A0F1C161AD772DC0047E5BB /* LaunchScreen.xib in Resources */ = {isa = PBXBuildFile; fileRef = 4A0F1C141AD772DC0047E5BB /* LaunchScreen.xib */; };
		4A0F1C221AD772DC0047E5BB /* Chapter12_bTests.m in Sources */ = {isa = PBXBuildFile; fileRef = 4A0F1C211AD772DC0047E5BB /* Chapter12_bTests.m */; };
		4A0F1C2D1AD774060047E5BB /* PlayerViewController.m in Sources */ = {isa = PBXBuildFile; fileRef = 4A0F1C2C1AD774060047E5BB /* PlayerViewController.m */; };
		4A0F1C2F1AD77DC30047E5BB /* stackofCards.mp4 in Resources */ = {isa = PBXBuildFile; fileRef = 4A0F1C2E1AD77CF50047E5BB /* stackofCards.mp4 */; };
/* End PBXBuildFile section */

/* Begin PBXContainerItemProxy section */
		4A0F1C1C1AD772DC0047E5BB /* PBXContainerItemProxy */ = {
			isa = PBXContainerItemProxy;
			containerPortal = 4A0F1BFA1AD772DC0047E5BB /* Project object */;
			proxyType = 1;
			remoteGlobalIDString = 4A0F1C011AD772DC0047E5BB;
			remoteInfo = Chapter12_b;
		};
/* End PBXContainerItemProxy section */

/* Begin PBXFileReference section */
		4A0F1C021AD772DC0047E5BB /* Chapter12_b.app */ = {isa = PBXFileReference; explicitFileType = wrapper.application; includeInIndex = 0; path = Chapter12_b.app; sourceTree = BUILT_PRODUCTS_DIR; };
		4A0F1C061AD772DC0047E5BB /* Info.plist */ = {isa = PBXFileReference; lastKnownFileType = text.plist.xml; path = Info.plist; sourceTree = "<group>"; };
		4A0F1C071AD772DC0047E5BB /* main.m */ = {isa = PBXFileReference; lastKnownFileType = sourcecode.c.objc; path = main.m; sourceTree = "<group>"; };
		4A0F1C091AD772DC0047E5BB /* AppDelegate.h */ = {isa = PBXFileReference; lastKnownFileType = sourcecode.c.h; path = AppDelegate.h; sourceTree = "<group>"; };
		4A0F1C0A1AD772DC0047E5BB /* AppDelegate.m */ = {isa = PBXFileReference; lastKnownFileType = sourcecode.c.objc; path = AppDelegate.m; sourceTree = "<group>"; };
		4A0F1C0C1AD772DC0047E5BB /* ViewController.h */ = {isa = PBXFileReference; lastKnownFileType = sourcecode.c.h; path = ViewController.h; sourceTree = "<group>"; };
		4A0F1C0D1AD772DC0047E5BB /* ViewController.m */ = {isa = PBXFileReference; lastKnownFileType = sourcecode.c.objc; path = ViewController.m; sourceTree = "<group>"; };
		4A0F1C101AD772DC0047E5BB /* Base */ = {isa = PBXFileReference; lastKnownFileType = file.storyboard; name = Base; path = Base.lproj/Main.storyboard; sourceTree = "<group>"; };
		4A0F1C121AD772DC0047E5BB /* Images.xcassets */ = {isa = PBXFileReference; lastKnownFileType = folder.assetcatalog; path = Images.xcassets; sourceTree = "<group>"; };
		4A0F1C151AD772DC0047E5BB /* Base */ = {isa = PBXFileReference; lastKnownFileType = file.xib; name = Base; path = Base.lproj/LaunchScreen.xib; sourceTree = "<group>"; };
		4A0F1C1B1AD772DC0047E5BB /* Chapter12_bTests.xctest */ = {isa = PBXFileReference; explicitFileType = wrapper.cfbundle; includeInIndex = 0; path = Chapter12_bTests.xctest; sourceTree = BUILT_PRODUCTS_DIR; };
		4A0F1C201AD772DC0047E5BB /* Info.plist */ = {isa = PBXFileReference; lastKnownFileType = text.plist.xml; path = Info.plist; sourceTree = "<group>"; };
		4A0F1C211AD772DC0047E5BB /* Chapter12_bTests.m */ = {isa = PBXFileReference; lastKnownFileType = sourcecode.c.objc; path = Chapter12_bTests.m; sourceTree = "<group>"; };
		4A0F1C2B1AD774060047E5BB /* PlayerViewController.h */ = {isa = PBXFileReference; fileEncoding = 4; lastKnownFileType = sourcecode.c.h; path = PlayerViewController.h; sourceTree = "<group>"; };
		4A0F1C2C1AD774060047E5BB /* PlayerViewController.m */ = {isa = PBXFileReference; fileEncoding = 4; lastKnownFileType = sourcecode.c.objc; path = PlayerViewController.m; sourceTree = "<group>"; };
		4A0F1C2E1AD77CF50047E5BB /* stackofCards.mp4 */ = {isa = PBXFileReference; lastKnownFileType = file; path = stackofCards.mp4; sourceTree = "<group>"; };
/* End PBXFileReference section */

/* Begin PBXFrameworksBuildPhase section */
		4A0F1BFF1AD772DC0047E5BB /* Frameworks */ = {
			isa = PBXFrameworksBuildPhase;
			buildActionMask = 2147483647;
			files = (
			);
			runOnlyForDeploymentPostprocessing = 0;
		};
		4A0F1C181AD772DC0047E5BB /* Frameworks */ = {
			isa = PBXFrameworksBuildPhase;
			buildActionMask = 2147483647;
			files = (
			);
			runOnlyForDeploymentPostprocessing = 0;
		};
/* End PBXFrameworksBuildPhase section */

/* Begin PBXGroup section */
		4A0F1BF91AD772DC0047E5BB = {
			isa = PBXGroup;
			children = (
				4A0F1C041AD772DC0047E5BB /* Chapter12_b */,
				4A0F1C1E1AD772DC0047E5BB /* Chapter12_bTests */,
				4A0F1C031AD772DC0047E5BB /* Products */,
			);
			sourceTree = "<group>";
		};
		4A0F1C031AD772DC0047E5BB /* Products */ = {
			isa = PBXGroup;
			children = (
				4A0F1C021AD772DC0047E5BB /* Chapter12_b.app */,
				4A0F1C1B1AD772DC0047E5BB /* Chapter12_bTests.xctest */,
			);
			name = Products;
			sourceTree = "<group>";
		};
		4A0F1C041AD772DC0047E5BB /* Chapter12_b */ = {
			isa = PBXGroup;
			children = (
				4A0F1C091AD772DC0047E5BB /* AppDelegate.h */,
				4A0F1C0A1AD772DC0047E5BB /* AppDelegate.m */,
				4A0F1C0C1AD772DC0047E5BB /* ViewController.h */,
				4A0F1C0D1AD772DC0047E5BB /* ViewController.m */,
				4A0F1C0F1AD772DC0047E5BB /* Main.storyboard */,
				4A0F1C2E1AD77CF50047E5BB /* stackofCards.mp4 */,
				4A0F1C121AD772DC0047E5BB /* Images.xcassets */,
				4A0F1C141AD772DC0047E5BB /* LaunchScreen.xib */,
				4A0F1C051AD772DC0047E5BB /* Supporting Files */,
				4A0F1C2B1AD774060047E5BB /* PlayerViewController.h */,
				4A0F1C2C1AD774060047E5BB /* PlayerViewController.m */,
			);
			path = Chapter12_b;
			sourceTree = "<group>";
		};
		4A0F1C051AD772DC0047E5BB /* Supporting Files */ = {
			isa = PBXGroup;
			children = (
				4A0F1C061AD772DC0047E5BB /* Info.plist */,
				4A0F1C071AD772DC0047E5BB /* main.m */,
			);
			name = "Supporting Files";
			sourceTree = "<group>";
		};
		4A0F1C1E1AD772DC0047E5BB /* Chapter12_bTests */ = {
			isa = PBXGroup;
			children = (
				4A0F1C211AD772DC0047E5BB /* Chapter12_bTests.m */,
				4A0F1C1F1AD772DC0047E5BB /* Supporting Files */,
			);
			path = Chapter12_bTests;
			sourceTree = "<group>";
		};
		4A0F1C1F1AD772DC0047E5BB /* Supporting Files */ = {
			isa = PBXGroup;
			children = (
				4A0F1C201AD772DC0047E5BB /* Info.plist */,
			);
			name = "Supporting Files";
			sourceTree = "<group>";
		};
/* End PBXGroup section */

/* Begin PBXNativeTarget section */
		4A0F1C011AD772DC0047E5BB /* Chapter12_b */ = {
			isa = PBXNativeTarget;
			buildConfigurationList = 4A0F1C251AD772DC0047E5BB /* Build configuration list for PBXNativeTarget "Chapter12_b" */;
			buildPhases = (
				4A0F1BFE1AD772DC0047E5BB /* Sources */,
				4A0F1BFF1AD772DC0047E5BB /* Frameworks */,
				4A0F1C001AD772DC0047E5BB /* Resources */,
			);
			buildRules = (
			);
			dependencies = (
			);
			name = Chapter12_b;
			productName = Chapter12_b;
			productReference = 4A0F1C021AD772DC0047E5BB /* Chapter12_b.app */;
			productType = "com.apple.product-type.application";
		};
		4A0F1C1A1AD772DC0047E5BB /* Chapter12_bTests */ = {
			isa = PBXNativeTarget;
			buildConfigurationList = 4A0F1C281AD772DC0047E5BB /* Build configuration list for PBXNativeTarget "Chapter12_bTests" */;
			buildPhases = (
				4A0F1C171AD772DC0047E5BB /* Sources */,
				4A0F1C181AD772DC0047E5BB /* Frameworks */,
				4A0F1C191AD772DC0047E5BB /* Resources */,
			);
			buildRules = (
			);
			dependencies = (
				4A0F1C1D1AD772DC0047E5BB /* PBXTargetDependency */,
			);
			name = Chapter12_bTests;
			productName = Chapter12_bTests;
			productReference = 4A0F1C1B1AD772DC0047E5BB /* Chapter12_bTests.xctest */;
			productType = "com.apple.product-type.bundle.unit-test";
		};
/* End PBXNativeTarget section */

/* Begin PBXProject section */
		4A0F1BFA1AD772DC0047E5BB /* Project object */ = {
			isa = PBXProject;
			attributes = {
				LastUpgradeCheck = 0620;
				ORGANIZATIONNAME = "OZ Apps";
				TargetAttributes = {
					4A0F1C011AD772DC0047E5BB = {
						CreatedOnToolsVersion = 6.2;
					};
					4A0F1C1A1AD772DC0047E5BB = {
						CreatedOnToolsVersion = 6.2;
						TestTargetID = 4A0F1C011AD772DC0047E5BB;
					};
				};
			};
			buildConfigurationList = 4A0F1BFD1AD772DC0047E5BB /* Build configuration list for PBXProject "Chapter12_b" */;
			compatibilityVersion = "Xcode 3.2";
			developmentRegion = English;
			hasScannedForEncodings = 0;
			knownRegions = (
				en,
				Base,
			);
			mainGroup = 4A0F1BF91AD772DC0047E5BB;
			productRefGroup = 4A0F1C031AD772DC0047E5BB /* Products */;
			projectDirPath = "";
			projectRoot = "";
			targets = (
				4A0F1C011AD772DC0047E5BB /* Chapter12_b */,
				4A0F1C1A1AD772DC0047E5BB /* Chapter12_bTests */,
			);
		};
/* End PBXProject section */

/* Begin PBXResourcesBuildPhase section */
		4A0F1C001AD772DC0047E5BB /* Resources */ = {
			isa = PBXResourcesBuildPhase;
			buildActionMask = 2147483647;
			files = (
				4A0F1C2F1AD77DC30047E5BB /* stackofCards.mp4 in Resources */,
				4A0F1C111AD772DC0047E5BB /* Main.storyboard in Resources */,
				4A0F1C161AD772DC0047E5BB /* LaunchScreen.xib in Resources */,
				4A0F1C131AD772DC0047E5BB /* Images.xcassets in Resources */,
			);
			runOnlyForDeploymentPostprocessing = 0;
		};
		4A0F1C191AD772DC0047E5BB /* Resources */ = {
			isa = PBXResourcesBuildPhase;
			buildActionMask = 2147483647;
			files = (
			);
			runOnlyForDeploymentPostprocessing = 0;
		};
/* End PBXResourcesBuildPhase section */

/* Begin PBXSourcesBuildPhase section */
		4A0F1BFE1AD772DC0047E5BB /* Sources */ = {
			isa = PBXSourcesBuildPhase;
			buildActionMask = 2147483647;
			files = (
				4A0F1C0E1AD772DC0047E5BB /* ViewController.m in Sources */,
				4A0F1C2D1AD774060047E5BB /* PlayerViewController.m in Sources */,
				4A0F1C0B1AD772DC0047E5BB /* AppDelegate.m in Sources */,
				4A0F1C081AD772DC0047E5BB /* main.m in Sources */,
			);
			runOnlyForDeploymentPostprocessing = 0;
		};
		4A0F1C171AD772DC0047E5BB /* Sources */ = {
			isa = PBXSourcesBuildPhase;
			buildActionMask = 2147483647;
			files = (
				4A0F1C221AD772DC0047E5BB /* Chapter12_bTests.m in Sources */,
			);
			runOnlyForDeploymentPostprocessing = 0;
		};
/* End PBXSourcesBuildPhase section */

/* Begin PBXTargetDependency section */
		4A0F1C1D1AD772DC0047E5BB /* PBXTargetDependency */ = {
			isa = PBXTargetDependency;
			target = 4A0F1C011AD772DC0047E5BB /* Chapter12_b */;
			targetProxy = 4A0F1C1C1AD772DC0047E5BB /* PBXContainerItemProxy */;
		};
/* End PBXTargetDependency section */

/* Begin PBXVariantGroup section */
		4A0F1C0F1AD772DC0047E5BB /* Main.storyboard */ = {
			isa = PBXVariantGroup;
			children = (
				4A0F1C101AD772DC0047E5BB /* Base */,
			);
			name = Main.storyboard;
			sourceTree = "<group>";
		};
		4A0F1C141AD772DC0047E5BB /* LaunchScreen.xib */ = {
			isa = PBXVariantGroup;
			children = (
				4A0F1C151AD772DC0047E5BB /* Base */,
			);
			name = LaunchScreen.xib;
			sourceTree = "<group>";
		};
/* End PBXVariantGroup section */

/* Begin XCBuildConfiguration section */
		4A0F1C231AD772DC0047E5BB /* Debug */ = {
			isa = XCBuildConfiguration;
			buildSettings = {
				ALWAYS_SEARCH_USER_PATHS = NO;
				CLANG_CXX_LANGUAGE_STANDARD = "gnu++0x";
				CLANG_CXX_LIBRARY = "libc++";
				CLANG_ENABLE_MODULES = YES;
				CLANG_ENABLE_OBJC_ARC = YES;
				CLANG_WARN_BOOL_CONVERSION = YES;
				CLANG_WARN_CONSTANT_CONVERSION = YES;
				CLANG_WARN_DIRECT_OBJC_ISA_USAGE = YES_ERROR;
				CLANG_WARN_EMPTY_BODY = YES;
				CLANG_WARN_ENUM_CONVERSION = YES;
				CLANG_WARN_INT_CONVERSION = YES;
				CLANG_WARN_OBJC_ROOT_CLASS = YES_ERROR;
				CLANG_WARN_UNREACHABLE_CODE = YES;
				CLANG_WARN__DUPLICATE_METHOD_MATCH = YES;
				"CODE_SIGN_IDENTITY[sdk=iphoneos*]" = "iPhone Developer";
				COPY_PHASE_STRIP = NO;
				ENABLE_STRICT_OBJC_MSGSEND = YES;
				GCC_C_LANGUAGE_STANDARD = gnu99;
				GCC_DYNAMIC_NO_PIC = NO;
				GCC_OPTIMIZATION_LEVEL = 0;
				GCC_PREPROCESSOR_DEFINITIONS = (
					"DEBUG=1",
					"$(inherited)",
				);
				GCC_SYMBOLS_PRIVATE_EXTERN = NO;
				GCC_WARN_64_TO_32_BIT_CONVERSION = YES;
				GCC_WARN_ABOUT_RETURN_TYPE = YES_ERROR;
				GCC_WARN_UNDECLARED_SELECTOR = YES;
				GCC_WARN_UNINITIALIZED_AUTOS = YES_AGGRESSIVE;
				GCC_WARN_UNUSED_FUNCTION = YES;
				GCC_WARN_UNUSED_VARIABLE = YES;
				IPHONEOS_DEPLOYMENT_TARGET = 8.2;
				MTL_ENABLE_DEBUG_INFO = YES;
				ONLY_ACTIVE_ARCH = YES;
				SDKROOT = iphoneos;
			};
			name = Debug;
		};
		4A0F1C241AD772DC0047E5BB /* Release */ = {
			isa = XCBuildConfiguration;
			buildSettings = {
				ALWAYS_SEARCH_USER_PATHS = NO;
				CLANG_CXX_LANGUAGE_STANDARD = "gnu++0x";
				CLANG_CXX_LIBRARY = "libc++";
				CLANG_ENABLE_MODULES = YES;
				CLANG_ENABLE_OBJC_ARC = YES;
				CLANG_WARN_BOOL_CONVERSION = YES;
				CLANG_WARN_CONSTANT_CONVERSION = YES;
				CLANG_WARN_DIRECT_OBJC_ISA_USAGE = YES_ERROR;
				CLANG_WARN_EMPTY_BODY = YES;
				CLANG_WARN_ENUM_CONVERSION = YES;
				CLANG_WARN_INT_CONVERSION = YES;
				CLANG_WARN_OBJC_ROOT_CLASS = YES_ERROR;
				CLANG_WARN_UNREACHABLE_CODE = YES;
				CLANG_WARN__DUPLICATE_METHOD_MATCH = YES;
				"CODE_SIGN_IDENTITY[sdk=iphoneos*]" = "iPhone Developer";
				COPY_PHASE_STRIP = NO;
				ENABLE_NS_ASSERTIONS = NO;
				ENABLE_STRICT_OBJC_MSGSEND = YES;
				GCC_C_LANGUAGE_STANDARD = gnu99;
				GCC_WARN_64_TO_32_BIT_CONVERSION = YES;
				GCC_WARN_ABOUT_RETURN_TYPE = YES_ERROR;
				GCC_WARN_UNDECLARED_SELECTOR = YES;
				GCC_WARN_UNINITIALIZED_AUTOS = YES_AGGRESSIVE;
				GCC_WARN_UNUSED_FUNCTION = YES;
				GCC_WARN_UNUSED_VARIABLE = YES;
				IPHONEOS_DEPLOYMENT_TARGET = 8.2;
				MTL_ENABLE_DEBUG_INFO = NO;
				SDKROOT = iphoneos;
				VALIDATE_PRODUCT = YES;
			};
			name = Release;
		};
		4A0F1C261AD772DC0047E5BB /* Debug */ = {
			isa = XCBuildConfiguration;
			buildSettings = {
				ASSETCATALOG_COMPILER_APPICON_NAME = AppIcon;
				INFOPLIST_FILE = Chapter12_b/Info.plist;
				LD_RUNPATH_SEARCH_PATHS = "$(inherited) @executable_path/Frameworks";
				PRODUCT_NAME = "$(TARGET_NAME)";
			};
			name = Debug;
		};
		4A0F1C271AD772DC0047E5BB /* Release */ = {
			isa = XCBuildConfiguration;
			buildSettings = {
				ASSETCATALOG_COMPILER_APPICON_NAME = AppIcon;
				INFOPLIST_FILE = Chapter12_b/Info.plist;
				LD_RUNPATH_SEARCH_PATHS = "$(inherited) @executable_path/Frameworks";
				PRODUCT_NAME = "$(TARGET_NAME)";
			};
			name = Release;
		};
		4A0F1C291AD772DC0047E5BB /* Debug */ = {
			isa = XCBuildConfiguration;
			buildSettings = {
				BUNDLE_LOADER = "$(TEST_HOST)";
				FRAMEWORK_SEARCH_PATHS = (
					"$(SDKROOT)/Developer/Library/Frameworks",
					"$(inherited)",
				);
				GCC_PREPROCESSOR_DEFINITIONS = (
					"DEBUG=1",
					"$(inherited)",
				);
				INFOPLIST_FILE = Chapter12_bTests/Info.plist;
				LD_RUNPATH_SEARCH_PATHS = "$(inherited) @executable_path/Frameworks @loader_path/Frameworks";
				PRODUCT_NAME = "$(TARGET_NAME)";
				TEST_HOST = "$(BUILT_PRODUCTS_DIR)/Chapter12_b.app/Chapter12_b";
			};
			name = Debug;
		};
		4A0F1C2A1AD772DC0047E5BB /* Release */ = {
			isa = XCBuildConfiguration;
			buildSettings = {
				BUNDLE_LOADER = "$(TEST_HOST)";
				FRAMEWORK_SEARCH_PATHS = (
					"$(SDKROOT)/Developer/Library/Frameworks",
					"$(inherited)",
				);
				INFOPLIST_FILE = Chapter12_bTests/Info.plist;
				LD_RUNPATH_SEARCH_PATHS = "$(inherited) @executable_path/Frameworks @loader_path/Frameworks";
				PRODUCT_NAME = "$(TARGET_NAME)";
				TEST_HOST = "$(BUILT_PRODUCTS_DIR)/Chapter12_b.app/Chapter12_b";
			};
			name = Release;
		};
/* End XCBuildConfiguration section */

/* Begin XCConfigurationList section */
		4A0F1BFD1AD772DC0047E5BB /* Build configuration list for PBXProject "Chapter12_b" */ = {
			isa = XCConfigurationList;
			buildConfigurations = (
				4A0F1C231AD772DC0047E5BB /* Debug */,
				4A0F1C241AD772DC0047E5BB /* Release */,
			);
			defaultConfigurationIsVisible = 0;
			defaultConfigurationName = Release;
		};
		4A0F1C251AD772DC0047E5BB /* Build configuration list for PBXNativeTarget "Chapter12_b" */ = {
			isa = XCConfigurationList;
			buildConfigurations = (
				4A0F1C261AD772DC0047E5BB /* Debug */,
				4A0F1C271AD772DC0047E5BB /* Release */,
			);
			defaultConfigurationIsVisible = 0;
		};
		4A0F1C281AD772DC0047E5BB /* Build configuration list for PBXNativeTarget "Chapter12_bTests" */ = {
			isa = XCConfigurationList;
			buildConfigurations = (
				4A0F1C291AD772DC0047E5BB /* Debug */,
				4A0F1C2A1AD772DC0047E5BB /* Release */,
			);
			defaultConfigurationIsVisible = 0;
		};
/* End XCConfigurationList section */
	};
	rootObject = 4A0F1BFA1AD772DC0047E5BB /* Project object */;
}
